Microsoft Visual Studio Solution File, Format Version 12.00
# Visual Studio Version 17
VisualStudioVersion = 17.5.2.0
MinimumVisualStudioVersion = 10.0.40219.1
Project("{FAE04EC0-301F-11D3-BF4B-00C04F79EFBC}") = "LibraryFrontend", "frontend/LibraryFrontend.csproj", "{87A5838E-5493-BA5F-B2DC-F11C58B2B16C}"
EndProject
Global
	GlobalSection(SolutionConfigurationPlatforms) = preSolution
		Debug|Any CPU = Debug|Any CPU
		Release|Any CPU = Release|Any CPU
	EndGlobalSection
	GlobalSection(ProjectConfigurationPlatforms) = postSolution
		{87A5838E-5493-BA5F-B2DC-F11C58B2B16C}.Debug|Any CPU.ActiveCfg = Debug|Any CPU
		{87A5838E-5493-BA5F-B2DC-F11C58B2B16C}.Debug|Any CPU.Build.0 = Debug|Any CPU
		{87A5838E-5493-BA5F-B2DC-F11C58B2B16C}.Release|Any CPU.ActiveCfg = Release|Any CPU
		{87A5838E-5493-BA5F-B2DC-F11C58B2B16C}.Release|Any CPU.Build.0 = Release|Any CPU
	EndGlobalSection
	GlobalSection(SolutionProperties) = preSolution
		HideSolutionNode = FALSE
	EndGlobalSection
	GlobalSection(ExtensibilityGlobals) = postSolution
		SolutionGuid = {DBC8993C-24E2-4B87-BC78-48D1519D7F9A}
	EndGlobalSection
EndGlobal
